
Microsoft Visual Studio Solution File, Format Version 12.00
# Visual Studio Version 17
VisualStudioVersion = 17.9.34714.143
MinimumVisualStudioVersion = 10.0.40219.1
Project("{FAE04EC0-301F-11D3-BF4B-00C04F79EFBC}") = "MVC_CRUD", "MVC_CRUD\MVC_CRUD.csproj", "{5D4F8E0C-1A0A-4B24-86AE-0EC09300E8BC}"
EndProject
Global
	GlobalSection(SolutionConfigurationPlatforms) = preSolution
		Debug|Any CPU = Debug|Any CPU
		Release|Any CPU = Release|Any CPU
	EndGlobalSection
	GlobalSection(ProjectConfigurationPlatforms) = postSolution
		{5D4F8E0C-1A0A-4B24-86AE-0EC09300E8BC}.Debug|Any CPU.ActiveCfg = Debug|Any CPU
		{5D4F8E0C-1A0A-4B24-86AE-0EC09300E8BC}.Debug|Any CPU.Build.0 = Debug|Any CPU
		{5D4F8E0C-1A0A-4B24-86AE-0EC09300E8BC}.Release|Any CPU.ActiveCfg = Release|Any CPU
		{5D4F8E0C-1A0A-4B24-86AE-0EC09300E8BC}.Release|Any CPU.Build.0 = Release|Any CPU
	EndGlobalSection
	GlobalSection(SolutionProperties) = preSolution
		HideSolutionNode = FALSE
	EndGlobalSection
	GlobalSection(ExtensibilityGlobals) = postSolution
		SolutionGuid = {82768862-154C-4BB5-8C3D-909A9279DB82}
	EndGlobalSection
EndGlobal
